
Microsoft Visual Studio Solution File, Format Version 12.00
# Visual Studio 2012
Project("{FAE04EC0-301F-11D3-BF4B-00C04F79EFBC}") = "SharpFlare", "SharpFlare.csproj", "{23FB2736-E102-48DB-AA80-C22A7D4937C7}"
EndProject
Project("{FAE04EC0-301F-11D3-BF4B-00C04F79EFBC}") = "SharpFlareCore", "SharpFlareCore.csproj", "{8BBC5F9A-EF4F-498A-ABB0-37D240584891}"
EndProject
Project("{FAE04EC0-301F-11D3-BF4B-00C04F79EFBC}") = "TestPlugin", "TestPlugin.csproj", "{C591CAF1-B8EB-4B42-B746-7814F70E567E}"
EndProject
Global
	GlobalSection(SolutionConfigurationPlatforms) = preSolution
		Debug|Any CPU = Debug|Any CPU
		Release|Any CPU = Release|Any CPU
	EndGlobalSection
	GlobalSection(ProjectConfigurationPlatforms) = postSolution
		{23FB2736-E102-48DB-AA80-C22A7D4937C7}.Debug|Any CPU.ActiveCfg = Debug|Any CPU
		{23FB2736-E102-48DB-AA80-C22A7D4937C7}.Debug|Any CPU.Build.0 = Debug|Any CPU
		{23FB2736-E102-48DB-AA80-C22A7D4937C7}.Release|Any CPU.ActiveCfg = Release|Any CPU
		{23FB2736-E102-48DB-AA80-C22A7D4937C7}.Release|Any CPU.Build.0 = Release|Any CPU
		{8BBC5F9A-EF4F-498A-ABB0-37D240584891}.Debug|Any CPU.ActiveCfg = Debug|Any CPU
		{8BBC5F9A-EF4F-498A-ABB0-37D240584891}.Debug|Any CPU.Build.0 = Debug|Any CPU
		{8BBC5F9A-EF4F-498A-ABB0-37D240584891}.Release|Any CPU.ActiveCfg = Release|Any CPU
		{8BBC5F9A-EF4F-498A-ABB0-37D240584891}.Release|Any CPU.Build.0 = Release|Any CPU
		{C591CAF1-B8EB-4B42-B746-7814F70E567E}.Debug|Any CPU.ActiveCfg = Debug|Any CPU
		{C591CAF1-B8EB-4B42-B746-7814F70E567E}.Debug|Any CPU.Build.0 = Debug|Any CPU
		{C591CAF1-B8EB-4B42-B746-7814F70E567E}.Release|Any CPU.ActiveCfg = Release|Any CPU
		{C591CAF1-B8EB-4B42-B746-7814F70E567E}.Release|Any CPU.Build.0 = Release|Any CPU
	EndGlobalSection
EndGlobal
